
Microsoft Visual Studio Solution File, Format Version 12.00
# Visual Studio Version 16
VisualStudioVersion = 16.0.31624.102
MinimumVisualStudioVersion = 10.0.40219.1
Project("{FAE04EC0-301F-11D3-BF4B-00C04F79EFBC}") = "WebWerehouse", "WebWerehouse\WebWerehouse.csproj", "{8EBBB9E5-BFDF-42D7-A3E5-08003B46F799}"
EndProject
Global
	GlobalSection(SolutionConfigurationPlatforms) = preSolution
		Debug|Any CPU = Debug|Any CPU
		Release|Any CPU = Release|Any CPU
	EndGlobalSection
	GlobalSection(ProjectConfigurationPlatforms) = postSolution
		{8EBBB9E5-BFDF-42D7-A3E5-08003B46F799}.Debug|Any CPU.ActiveCfg = Debug|Any CPU
		{8EBBB9E5-BFDF-42D7-A3E5-08003B46F799}.Debug|Any CPU.Build.0 = Debug|Any CPU
		{8EBBB9E5-BFDF-42D7-A3E5-08003B46F799}.Release|Any CPU.ActiveCfg = Release|Any CPU
		{8EBBB9E5-BFDF-42D7-A3E5-08003B46F799}.Release|Any CPU.Build.0 = Release|Any CPU
	EndGlobalSection
	GlobalSection(SolutionProperties) = preSolution
		HideSolutionNode = FALSE
	EndGlobalSection
	GlobalSection(ExtensibilityGlobals) = postSolution
		SolutionGuid = {06E36E19-9A6C-4A50-AA90-E8EB3CDD0206}
	EndGlobalSection
EndGlobal
